
Microsoft Visual Studio Solution File, Format Version 12.00
# Visual Studio Version 17
VisualStudioVersion = 17.9.34622.214
MinimumVisualStudioVersion = 10.0.40219.1
Project("{FAE04EC0-301F-11D3-BF4B-00C04F79EFBC}") = "Integrace_Derivace", "Integrace_Derivace.csproj", "{213AB21A-7AE8-44EC-AE0B-200D8398F3C3}"
EndProject
Global
	GlobalSection(SolutionConfigurationPlatforms) = preSolution
		Debug|Any CPU = Debug|Any CPU
		Release|Any CPU = Release|Any CPU
	EndGlobalSection
	GlobalSection(ProjectConfigurationPlatforms) = postSolution
		{213AB21A-7AE8-44EC-AE0B-200D8398F3C3}.Debug|Any CPU.ActiveCfg = Debug|Any CPU
		{213AB21A-7AE8-44EC-AE0B-200D8398F3C3}.Debug|Any CPU.Build.0 = Debug|Any CPU
		{213AB21A-7AE8-44EC-AE0B-200D8398F3C3}.Release|Any CPU.ActiveCfg = Release|Any CPU
		{213AB21A-7AE8-44EC-AE0B-200D8398F3C3}.Release|Any CPU.Build.0 = Release|Any CPU
	EndGlobalSection
	GlobalSection(SolutionProperties) = preSolution
		HideSolutionNode = FALSE
	EndGlobalSection
	GlobalSection(ExtensibilityGlobals) = postSolution
		SolutionGuid = {7DC16E7F-B1B7-4DF8-84BD-CAC92F5C01FF}
	EndGlobalSection
EndGlobal
